
Microsoft Visual Studio Solution File, Format Version 12.00
# Visual Studio Version 17
VisualStudioVersion = 17.14.36109.1
MinimumVisualStudioVersion = 10.0.40219.1
Project("{2150E333-8FDC-42A3-9474-1A3956D46DE8}") = "0_DTOs", "0_DTOs", "{02EA681E-C7D8-13C7-8484-4AC65E1B71E8}"
EndProject
Project("{2150E333-8FDC-42A3-9474-1A3956D46DE8}") = "1_DataAccess", "1_DataAccess", "{8E924541-A47C-48AE-975B-0FD41A863C66}"
EndProject
Project("{2150E333-8FDC-42A3-9474-1A3956D46DE8}") = "2_CoreApp", "2_CoreApp", "{F910CEA7-A2F7-4DEF-AF4A-10078EC4C815}"
EndProject
Project("{2150E333-8FDC-42A3-9474-1A3956D46DE8}") = "3_Exceptions", "3_Exceptions", "{AB850647-B31F-4FF5-9124-3858418F0923}"
EndProject
Project("{2150E333-8FDC-42A3-9474-1A3956D46DE8}") = "4_WebAPI", "4_WebAPI", "{1736CA8B-57A5-4CF7-92CB-076026BB0E0D}"
EndProject
Project("{2150E333-8FDC-42A3-9474-1A3956D46DE8}") = "5_WebApp", "5_WebApp", "{E2FCE2F4-BE63-404F-B94A-A7C455141400}"
EndProject
Project("{FAE04EC0-301F-11D3-BF4B-00C04F79EFBC}") = "DTOs", "DTOs\DTOs.csproj", "{94A88D54-9B5C-470E-BF17-EE08A156A28E}"
EndProject
Project("{FAE04EC0-301F-11D3-BF4B-00C04F79EFBC}") = "DataAccess", "DataAccess\DataAccess.csproj", "{7BC629F9-FE92-4343-BB6B-B6BCF3E45A2A}"
EndProject
Project("{FAE04EC0-301F-11D3-BF4B-00C04F79EFBC}") = "BaseManager", "BaseManager\BaseManager.csproj", "{C87D5DE3-CC0D-4D7F-8B67-3B175025253E}"
EndProject
Project("{FAE04EC0-301F-11D3-BF4B-00C04F79EFBC}") = "Exceptions", "Exceptions\Exceptions.csproj", "{9A27BBC7-7382-4BF2-B63F-D12DE054E0E2}"
EndProject
Project("{FAE04EC0-301F-11D3-BF4B-00C04F79EFBC}") = "WebAPI", "WebAPI\WebAPI.csproj", "{94C25350-C5CB-4A5E-9902-C0EFA8A417F9}"
EndProject
Project("{FAE04EC0-301F-11D3-BF4B-00C04F79EFBC}") = "WebApp", "WebApp\WebApp.csproj", "{8BFD75F7-07C9-4951-B4B8-BFF8EB52FF3B}"
EndProject
Global
	GlobalSection(SolutionConfigurationPlatforms) = preSolution
		Debug|Any CPU = Debug|Any CPU
		Release|Any CPU = Release|Any CPU
	EndGlobalSection
	GlobalSection(ProjectConfigurationPlatforms) = postSolution
		{94A88D54-9B5C-470E-BF17-EE08A156A28E}.Debug|Any CPU.ActiveCfg = Debug|Any CPU
		{94A88D54-9B5C-470E-BF17-EE08A156A28E}.Debug|Any CPU.Build.0 = Debug|Any CPU
		{94A88D54-9B5C-470E-BF17-EE08A156A28E}.Release|Any CPU.ActiveCfg = Release|Any CPU
		{94A88D54-9B5C-470E-BF17-EE08A156A28E}.Release|Any CPU.Build.0 = Release|Any CPU
		{7BC629F9-FE92-4343-BB6B-B6BCF3E45A2A}.Debug|Any CPU.ActiveCfg = Debug|Any CPU
		{7BC629F9-FE92-4343-BB6B-B6BCF3E45A2A}.Debug|Any CPU.Build.0 = Debug|Any CPU
		{7BC629F9-FE92-4343-BB6B-B6BCF3E45A2A}.Release|Any CPU.ActiveCfg = Release|Any CPU
		{7BC629F9-FE92-4343-BB6B-B6BCF3E45A2A}.Release|Any CPU.Build.0 = Release|Any CPU
		{C87D5DE3-CC0D-4D7F-8B67-3B175025253E}.Debug|Any CPU.ActiveCfg = Debug|Any CPU
		{C87D5DE3-CC0D-4D7F-8B67-3B175025253E}.Debug|Any CPU.Build.0 = Debug|Any CPU
		{C87D5DE3-CC0D-4D7F-8B67-3B175025253E}.Release|Any CPU.ActiveCfg = Release|Any CPU
		{C87D5DE3-CC0D-4D7F-8B67-3B175025253E}.Release|Any CPU.Build.0 = Release|Any CPU
		{9A27BBC7-7382-4BF2-B63F-D12DE054E0E2}.Debug|Any CPU.ActiveCfg = Debug|Any CPU
		{9A27BBC7-7382-4BF2-B63F-D12DE054E0E2}.Debug|Any CPU.Build.0 = Debug|Any CPU
		{9A27BBC7-7382-4BF2-B63F-D12DE054E0E2}.Release|Any CPU.ActiveCfg = Release|Any CPU
		{9A27BBC7-7382-4BF2-B63F-D12DE054E0E2}.Release|Any CPU.Build.0 = Release|Any CPU
		{94C25350-C5CB-4A5E-9902-C0EFA8A417F9}.Debug|Any CPU.ActiveCfg = Debug|Any CPU
		{94C25350-C5CB-4A5E-9902-C0EFA8A417F9}.Debug|Any CPU.Build.0 = Debug|Any CPU
		{94C25350-C5CB-4A5E-9902-C0EFA8A417F9}.Release|Any CPU.ActiveCfg = Release|Any CPU
		{94C25350-C5CB-4A5E-9902-C0EFA8A417F9}.Release|Any CPU.Build.0 = Release|Any CPU
		{8BFD75F7-07C9-4951-B4B8-BFF8EB52FF3B}.Debug|Any CPU.ActiveCfg = Debug|Any CPU
		{8BFD75F7-07C9-4951-B4B8-BFF8EB52FF3B}.Debug|Any CPU.Build.0 = Debug|Any CPU
		{8BFD75F7-07C9-4951-B4B8-BFF8EB52FF3B}.Release|Any CPU.ActiveCfg = Release|Any CPU
		{8BFD75F7-07C9-4951-B4B8-BFF8EB52FF3B}.Release|Any CPU.Build.0 = Release|Any CPU
	EndGlobalSection
	GlobalSection(SolutionProperties) = preSolution
		HideSolutionNode = FALSE
	EndGlobalSection
	GlobalSection(NestedProjects) = preSolution
		{94A88D54-9B5C-470E-BF17-EE08A156A28E} = {02EA681E-C7D8-13C7-8484-4AC65E1B71E8}
		{7BC629F9-FE92-4343-BB6B-B6BCF3E45A2A} = {8E924541-A47C-48AE-975B-0FD41A863C66}
		{C87D5DE3-CC0D-4D7F-8B67-3B175025253E} = {F910CEA7-A2F7-4DEF-AF4A-10078EC4C815}
		{9A27BBC7-7382-4BF2-B63F-D12DE054E0E2} = {AB850647-B31F-4FF5-9124-3858418F0923}
		{94C25350-C5CB-4A5E-9902-C0EFA8A417F9} = {1736CA8B-57A5-4CF7-92CB-076026BB0E0D}
		{8BFD75F7-07C9-4951-B4B8-BFF8EB52FF3B} = {E2FCE2F4-BE63-404F-B94A-A7C455141400}
	EndGlobalSection
	GlobalSection(ExtensibilityGlobals) = postSolution
		SolutionGuid = {CC115FBD-B74E-49E8-BFDF-A3B093AE0F29}
	EndGlobalSection
EndGlobal
